github.com/crescolincs/lincs-theme v0.0.0-20240327135457-a3e6979ee018 h1:57lnIJQc0riqIxLwQWhSFnFRrJQ3hRkMI86GOqOzT8s=
github.com/crescolincs/lincs-theme v0.0.0-20240327135457-a3e6979ee018/go.mod h1:ni1ll4vPX/ckofk6OO22SrUB+Vgms2jSZSE5gRuN+UY=
github.com/crescolincs/lincs-theme v0.0.0-20240327141153-5d7b7578aafc h1:TiIiyIA9dyTlkf+4Mf4+NK+/HFBHMh9Kk0xpAm+6ck8=
github.com/crescolincs/lincs-theme v0.0.0-20240327141153-5d7b7578aafc/go.mod h1:ni1ll4vPX/ckofk6OO22SrUB+Vgms2jSZSE5gRuN+UY=
github.com/crescolincs/lincs-theme v0.0.0-20240327142530-8a8c2577991e h1:7Xjrs9B3gmtEBwDK/8prhowlrjpkWnu3nybiWenkFVM=
github.com/crescolincs/lincs-theme v0.0.0-20240327142530-8a8c2577991e/go.mod h1:ni1ll4vPX/ckofk6OO22SrUB+Vgms2jSZSE5gRuN+UY=
github.com/crescolincs/lincs-theme v0.0.0-20240327153851-003c56fc623c h1:oxY1baKODoNbDPULqKq5dk4qQ68Jp3QEzz5bjgmS9Gc=
github.com/crescolincs/lincs-theme v0.0.0-20240327153851-003c56fc623c/go.mod h1:ni1ll4vPX/ckofk6OO22SrUB+Vgms2jSZSE5gRuN+UY=
github.com/crescolincs/lincs-theme v0.0.0-20240327154158-ea803d4cf0f9 h1:vtxXlkgY5S8zBqWNKloepj/4p+MkN2oUYIH3dE1veBg=
github.com/crescolincs/lincs-theme v0.0.0-20240327154158-ea803d4cf0f9/go.mod h1:ni1ll4vPX/ckofk6OO22SrUB+Vgms2jSZSE5gRuN+UY=
github.com/crescolincs/lincs-theme v0.0.0-20240327154510-a2cb97d2528b h1:+6WT7T+KSdOcgjlv6S6Bc8Qo/uLQVuhnsgZZtcQYpRQ=
github.com/crescolincs/lincs-theme v0.0.0-20240327154510-a2cb97d2528b/go.mod h1:ni1ll4vPX/ckofk6OO22SrUB+Vgms2jSZSE5gRuN+UY=
github.com/crescolincs/lincs-theme v0.0.0-20240327155224-32776a7c46d3 h1:0bW8ehHZg8vSZBCjfoKh/RWAtMR1LMgIVySkdy7wWPQ=
github.com/crescolincs/lincs-theme v0.0.0-20240327155224-32776a7c46d3/go.mod h1:ni1ll4vPX/ckofk6OO22SrUB+Vgms2jSZSE5gRuN+UY=
github.com/crescolincs/lincs-theme v0.0.0-20240327155845-33663af81721 h1:VNyhQ5Vseq9CK3D2yukp7RNzS9k7og/CHyR2Ngr6mIQ=
github.com/crescolincs/lincs-theme v0.0.0-20240327155845-33663af81721/go.mod h1:ni1ll4vPX/ckofk6OO22SrUB+Vgms2jSZSE5gRuN+UY=
github.com/crescolincs/lincs-theme v0.0.0-20240327162452-6bbfeb9f5e1a h1:W/uhKu2D5gObEUP14nLZ0EH36AaBB944P8kFJKnJ+64=
github.com/crescolincs/lincs-theme v0.0.0-20240327162452-6bbfeb9f5e1a/go.mod h1:ni1ll4vPX/ckofk6OO22SrUB+Vgms2jSZSE5gRuN+UY=
github.com/crescolincs/lincs-theme v0.0.0-20240327162714-cc9d00af9880 h1:dv6Squy9XjejwswlYsa9aZgGontIzcsBTOgNt4avyPs=
github.com/crescolincs/lincs-theme v0.0.0-20240327162714-cc9d00af9880/go.mod h1:ni1ll4vPX/ckofk6OO22SrUB+Vgms2jSZSE5gRuN+UY=
github.com/crescolincs/lincs-theme v0.0.0-20240327163019-4cb0d057f6ee h1:+kcU4UZ9lntayeGkeMIMsG3iAZSvmruVnfxk2wR1xnM=
github.com/crescolincs/lincs-theme v0.0.0-20240327163019-4cb0d057f6ee/go.mod h1:ni1ll4vPX/ckofk6OO22SrUB+Vgms2jSZSE5gRuN+UY=
github.com/crescolincs/lincs-theme v0.0.0-20240327165520-fdd53ee07259 h1:nDeA3tvjvGIj8dGZICLU6xV16tWu9uDj5Li2ZeqSTjs=
github.com/crescolincs/lincs-theme v0.0.0-20240327165520-fdd53ee07259/go.mod h1:ni1ll4vPX/ckofk6OO22SrUB+Vgms2jSZSE5gRuN+UY=
github.com/crescolincs/lincs-theme v0.0.0-20240327165931-aa6c2bb2e450 h1:V55d0N4PkczmeAJkYfNh1K21rx3jYMMQEJpxK8FJiek=
github.com/crescolincs/lincs-theme v0.0.0-20240327165931-aa6c2bb2e450/go.mod h1:ni1ll4vPX/ckofk6OO22SrUB+Vgms2jSZSE5gRuN+UY=
github.com/crescolincs/lincs-theme v0.0.0-20240327170249-8ec9f5c37585 h1:CeFfk2ixtxbPyNg3ys6dCA3ApWoyMoJr7JVQewSyi8c=
github.com/crescolincs/lincs-theme v0.0.0-20240327170249-8ec9f5c37585/go.mod h1:ni1ll4vPX/ckofk6OO22SrUB+Vgms2jSZSE5gRuN+UY=
github.com/crescolincs/lincs-theme v0.0.0-20240327172356-d6d00bb8c50f h1:lzUn+tDu3lQRVbxNLzVNOZ7vXzAJZfBEUShPGJGJQJU=
github.com/crescolincs/lincs-theme v0.0.0-20240327172356-d6d00bb8c50f/go.mod h1:ni1ll4vPX/ckofk6OO22SrUB+Vgms2jSZSE5gRuN+UY=
github.com/crescolincs/lincs-theme v0.0.0-20240327172836-919a79fe4307 h1:G6kctkO6QBFD7Mxvx9U5NnPaK10DBZlOjNy66FQYUWk=
github.com/crescolincs/lincs-theme v0.0.0-20240327172836-919a79fe4307/go.mod h1:ni1ll4vPX/ckofk6OO22SrUB+Vgms2jSZSE5gRuN+UY=
github.com/crescolincs/lincs-theme v0.0.0-20240327175735-c0761c37a3ee h1:ozL43OJaUf9N103pyJChq6aZvhCG8IHXLoPWbJcEM/k=
github.com/crescolincs/lincs-theme v0.0.0-20240327175735-c0761c37a3ee/go.mod h1:ni1ll4vPX/ckofk6OO22SrUB+Vgms2jSZSE5gRuN+UY=
github.com/crescolincs/lincs-theme v0.0.0-20240327181038-6ded41343849 h1:nsj5mF7yNqIxQz+vQe+IvWpcw4THBz2IN7Huvq5EOvo=
github.com/crescolincs/lincs-theme v0.0.0-20240327181038-6ded41343849/go.mod h1:ni1ll4vPX/ckofk6OO22SrUB+Vgms2jSZSE5gRuN+UY=
github.com/crescolincs/lincs-theme v0.0.0-20240327181241-07d2202f8dfa h1:Ugs6EJt12Tbt5bqY7F4n4kjW2zTfKgbXHMRqjxqAk64=
github.com/crescolincs/lincs-theme v0.0.0-20240327181241-07d2202f8dfa/go.mod h1:ni1ll4vPX/ckofk6OO22SrUB+Vgms2jSZSE5gRuN+UY=
github.com/crescolincs/lincs-theme v0.0.0-20240327181951-c96c1d2bf2da h1:7xhzSfXwhJltOLLFlRmWh228TCEH85BFhjYe64d7qK0=
github.com/crescolincs/lincs-theme v0.0.0-20240327181951-c96c1d2bf2da/go.mod h1:ni1ll4vPX/ckofk6OO22SrUB+Vgms2jSZSE5gRuN+UY=
github.com/crescolincs/lincs-theme v0.0.0-20240327183311-b56e5739946f h1:jV3hpV3/Yl6EXRmN/9N1QBqump47lau3dwI5AnGwfBw=
github.com/crescolincs/lincs-theme v0.0.0-20240327183311-b56e5739946f/go.mod h1:ni1ll4vPX/ckofk6OO22SrUB+Vgms2jSZSE5gRuN+UY=
github.com/crescolincs/lincs-theme v0.0.0-20240327184230-6de1daa27f74 h1:hj2vebQiaWCpCaU6D/bEccDhM0/Bes0rlllUsanZwaA=
github.com/crescolincs/lincs-theme v0.0.0-20240327184230-6de1daa27f74/go.mod h1:ni1ll4vPX/ckofk6OO22SrUB+Vgms2jSZSE5gRuN+UY=
github.com/crescolincs/lincs-theme v0.0.0-20240327185104-03e7a1a1fd5d h1:WaB67grxD2YPcFAj0MBZxa0yimMNADBAXBqn2lCTUc4=
github.com/crescolincs/lincs-theme v0.0.0-20240327185104-03e7a1a1fd5d/go.mod h1:ni1ll4vPX/ckofk6OO22SrUB+Vgms2jSZSE5gRuN+UY=
github.com/crescolincs/lincs-theme v0.0.0-20240327191101-e6a5ff99d265 h1:Z9X6RJA2QsE7I+sRah/iQyQOTUlm95v+lMb4aH56jiM=
github.com/crescolincs/lincs-theme v0.0.0-20240327191101-e6a5ff99d265/go.mod h1:ni1ll4vPX/ckofk6OO22SrUB+Vgms2jSZSE5gRuN+UY=
github.com/crescolincs/lincs-theme v0.0.0-20240327192933-13a15f71b618 h1:WPnzzOriG4tOqfaVmBrNDUrue4IUrwinPhR6kKQN/lc=
github.com/crescolincs/lincs-theme v0.0.0-20240327192933-13a15f71b618/go.mod h1:ni1ll4vPX/ckofk6OO22SrUB+Vgms2jSZSE5gRuN+UY=
github.com/crescolincs/lincs-theme v0.0.0-20240327193327-0193676e40e0 h1:26xzvHbkU0ZbK13XbqLrDH3xjIup2IGbUKp2okOTOzE=
github.com/crescolincs/lincs-theme v0.0.0-20240327193327-0193676e40e0/go.mod h1:ni1ll4vPX/ckofk6OO22SrUB+Vgms2jSZSE5gRuN+UY=
github.com/crescolincs/lincs-theme v0.0.0-20240327213039-599585c13a7a h1:nybuZGHi/ICOTCbgA7yGjJlPDTBl6T4e8ljKhT3asgk=
github.com/crescolincs/lincs-theme v0.0.0-20240327213039-599585c13a7a/go.mod h1:ni1ll4vPX/ckofk6OO22SrUB+Vgms2jSZSE5gRuN+UY=
github.com/crescolincs/lincs-theme v0.0.0-20240327213808-9998503c6e62 h1:pHv5vcGuJxEFcUe9BVIS0Qah2TktIp80y8abcDCUIwM=
github.com/crescolincs/lincs-theme v0.0.0-20240327213808-9998503c6e62/go.mod h1:ni1ll4vPX/ckofk6OO22SrUB+Vgms2jSZSE5gRuN+UY=
github.com/crescolincs/lincs-theme v0.0.0-20240327214144-8450e20107bc h1:ZOvl/G4rqqgG/9k3zoZ4SuBQGsoAGhC+2fRj36mo878=
github.com/crescolincs/lincs-theme v0.0.0-20240327214144-8450e20107bc/go.mod h1:ni1ll4vPX/ckofk6OO22SrUB+Vgms2jSZSE5gRuN+UY=
github.com/crescolincs/lincs-theme v0.0.0-20240327223634-0100863f713d h1:gkHNwL4LJZAElkFzQqG1ekDbX27afUerhmzejk5U0c8=
github.com/crescolincs/lincs-theme v0.0.0-20240327223634-0100863f713d/go.mod h1:ni1ll4vPX/ckofk6OO22SrUB+Vgms2jSZSE5gRuN+UY=
github.com/crescolincs/lincs-theme v0.0.0-20240328101758-c814c1f38abf h1:dwB5kTotG4sMyzI67mFDeFgs+qOyT8mBnt6H+6ulN8Q=
github.com/crescolincs/lincs-theme v0.0.0-20240328101758-c814c1f38abf/go.mod h1:ni1ll4vPX/ckofk6OO22SrUB+Vgms2jSZSE5gRuN+UY=
github.com/crescolincs/lincs-theme v0.0.0-20240328103906-f8a659ca0e85 h1:96cdlH/sWJUrVlNUwLivC/P9k+C4E55A7NhtZvB2vmQ=
github.com/crescolincs/lincs-theme v0.0.0-20240328103906-f8a659ca0e85/go.mod h1:ni1ll4vPX/ckofk6OO22SrUB+Vgms2jSZSE5gRuN+UY=
github.com/crescolincs/lincs-theme v0.0.0-20240328104609-a74259044a6d h1:jn5bkN1FwDI0D9XgdvRCkr1V+NBH5dOwwMXMPmvOfaY=
github.com/crescolincs/lincs-theme v0.0.0-20240328104609-a74259044a6d/go.mod h1:ni1ll4vPX/ckofk6OO22SrUB+Vgms2jSZSE5gRuN+UY=
github.com/crescolincs/lincs-theme v0.0.0-20240328112405-7f82fe185d0a h1:5wc3iGZU807QVfr4XXF7YcB0NjiIr693GnJwlMKQJBs=
github.com/crescolincs/lincs-theme v0.0.0-20240328112405-7f82fe185d0a/go.mod h1:ni1ll4vPX/ckofk6OO22SrUB+Vgms2jSZSE5gRuN+UY=
github.com/crescolincs/lincs-theme v0.0.0-20240328113527-7b8b2f7e3aa7 h1:UwlRfJf/KaEWem89dXftQba/TmfBOJuEYEzp0lGtYto=
github.com/crescolincs/lincs-theme v0.0.0-20240328113527-7b8b2f7e3aa7/go.mod h1:ni1ll4vPX/ckofk6OO22SrUB+Vgms2jSZSE5gRuN+UY=
github.com/crescolincs/lincs-theme v0.0.0-20240328114842-4f6b70f77e79 h1:Nm5Sh6wEY3Haup3Lmyt9HcP4jpi/ywPO+SGlPY8dIls=
github.com/crescolincs/lincs-theme v0.0.0-20240328114842-4f6b70f77e79/go.mod h1:ni1ll4vPX/ckofk6OO22SrUB+Vgms2jSZSE5gRuN+UY=
github.com/crescolincs/lincs-theme v0.0.0-20240328120811-9d7e990788b6 h1:k2OXBXgI+bYNi0CopMe/zWchidw+hnN2lQ0sJlAMaV8=
github.com/crescolincs/lincs-theme v0.0.0-20240328120811-9d7e990788b6/go.mod h1:ni1ll4vPX/ckofk6OO22SrUB+Vgms2jSZSE5gRuN+UY=
github.com/crescolincs/lincs-theme v0.0.0-20240328121307-849255451758 h1:hLE9p5F4qU15nXsXUTNhWTlG38M9nTsNAxQQy/G+N/w=
github.com/crescolincs/lincs-theme v0.0.0-20240328121307-849255451758/go.mod h1:ni1ll4vPX/ckofk6OO22SrUB+Vgms2jSZSE5gRuN+UY=
github.com/crescolincs/lincs-theme v0.0.0-20240328122842-ed5ad3d77e39 h1:h/9oibqi3piq9ZSzek6JOe6OCocW5kruqc8sdh+jd5k=
github.com/crescolincs/lincs-theme v0.0.0-20240328122842-ed5ad3d77e39/go.mod h1:ni1ll4vPX/ckofk6OO22SrUB+Vgms2jSZSE5gRuN+UY=
github.com/crescolincs/lincs-theme v0.0.0-20240328141100-2b6afdea0dcb h1:SuZIaIukL0HbMy67huxZwQKjtzRzjCoEdBSXcE7NkV4=
github.com/crescolincs/lincs-theme v0.0.0-20240328141100-2b6afdea0dcb/go.mod h1:ni1ll4vPX/ckofk6OO22SrUB+Vgms2jSZSE5gRuN+UY=
github.com/crescolincs/lincs-theme v0.0.0-20240328141457-f56f2b96dda4 h1:BOgXuDMh6rvp4aQDJEawQPYXmulgjVrn1rXnjZQXc6Y=
github.com/crescolincs/lincs-theme v0.0.0-20240328141457-f56f2b96dda4/go.mod h1:ni1ll4vPX/ckofk6OO22SrUB+Vgms2jSZSE5gRuN+UY=
github.com/crescolincs/lincs-theme v0.0.0-20240328141809-43b11346efe6 h1:5YiQgInLxrKwcmADA1+8LjM+lxBM72h3Rt1Sr033qZk=
github.com/crescolincs/lincs-theme v0.0.0-20240328141809-43b11346efe6/go.mod h1:ni1ll4vPX/ckofk6OO22SrUB+Vgms2jSZSE5gRuN+UY=
github.com/crescolincs/lincs-theme v0.0.0-20240328142305-fa0c8348dacd h1:kJdxIosrpVZ0vGcXw3ob9qX698NGmE8eEZKOVg6Hd80=
github.com/crescolincs/lincs-theme v0.0.0-20240328142305-fa0c8348dacd/go.mod h1:ni1ll4vPX/ckofk6OO22SrUB+Vgms2jSZSE5gRuN+UY=
github.com/crescolincs/lincs-theme v0.0.0-20240328142908-38d7fcc36086 h1:QQy3Spm8/ThEroAnYobHslWiQV7KSz7ONrD4S9GMBRc=
github.com/crescolincs/lincs-theme v0.0.0-20240328142908-38d7fcc36086/go.mod h1:ni1ll4vPX/ckofk6OO22SrUB+Vgms2jSZSE5gRuN+UY=
github.com/crescolincs/lincs-theme v0.0.0-20240328154834-b821945f41b9 h1:471f3cHjESMZvlYXuhpJYZ2b0YtGpOdrVc6BG/Kbrvk=
github.com/crescolincs/lincs-theme v0.0.0-20240328154834-b821945f41b9/go.mod h1:ni1ll4vPX/ckofk6OO22SrUB+Vgms2jSZSE5gRuN+UY=
github.com/crescolincs/lincs-theme v0.0.0-20240328160246-e965808c7f4c h1:t7nhSNBB1zweM+OT/Iuipal7YrgTsV7aZK2ETIoFB7c=
github.com/crescolincs/lincs-theme v0.0.0-20240328160246-e965808c7f4c/go.mod h1:ni1ll4vPX/ckofk6OO22SrUB+Vgms2jSZSE5gRuN+UY=
github.com/crescolincs/lincs-theme v0.0.0-20240328180602-b7b9a77eeaaa h1:fVzjjJC2mn9zA7LPbWx7RoyFHyjbKBnRruxqK+rnYvc=
github.com/crescolincs/lincs-theme v0.0.0-20240328180602-b7b9a77eeaaa/go.mod h1:ni1ll4vPX/ckofk6OO22SrUB+Vgms2jSZSE5gRuN+UY=
github.com/crescolincs/lincs-theme v0.0.0-20240328184213-242006b4c039 h1:1jU32gAelVNfiYUR+JS3uPvRMJeDcUUxejRxaJfqPRk=
github.com/crescolincs/lincs-theme v0.0.0-20240328184213-242006b4c039/go.mod h1:ni1ll4vPX/ckofk6OO22SrUB+Vgms2jSZSE5gRuN+UY=
github.com/crescolincs/lincs-theme v0.0.0-20240328184500-446018cefd7b h1:gtFoA6cwdo9K2YitTVyW1duxJGmi3JCusdOCQHMTIag=
github.com/crescolincs/lincs-theme v0.0.0-20240328184500-446018cefd7b/go.mod h1:ni1ll4vPX/ckofk6OO22SrUB+Vgms2jSZSE5gRuN+UY=
github.com/crescolincs/lincs-theme v0.0.0-20240328184854-1d754cf6ee81 h1:H4wOCsC45P34TfJV6ndlIEQNQbSdRa+KY8mXItjKuvc=
github.com/crescolincs/lincs-theme v0.0.0-20240328184854-1d754cf6ee81/go.mod h1:ni1ll4vPX/ckofk6OO22SrUB+Vgms2jSZSE5gRuN+UY=
github.com/crescolincs/lincs-theme v0.0.0-20240328191834-a223142f45e4 h1:JE82lzxzipkYwWVu+i46DfHknLYO/ToXvpvnUvpBfMw=
github.com/crescolincs/lincs-theme v0.0.0-20240328191834-a223142f45e4/go.mod h1:ni1ll4vPX/ckofk6OO22SrUB+Vgms2jSZSE5gRuN+UY=
github.com/crescolincs/lincs-theme v0.0.0-20240329012050-5e798d9eccd7 h1:u1RWezdk7YmGfxVBd2W80IcfeDfOkpHxZez8N3P+DDA=
github.com/crescolincs/lincs-theme v0.0.0-20240329012050-5e798d9eccd7/go.mod h1:ni1ll4vPX/ckofk6OO22SrUB+Vgms2jSZSE5gRuN+UY=
github.com/crescolincs/lincs-theme v0.0.0-20240329014215-7298c59d5c3e h1:WminDLFAY6G9dh3T1Ke48Gl52g3irtuANMhFLJO99Q4=
github.com/crescolincs/lincs-theme v0.0.0-20240329014215-7298c59d5c3e/go.mod h1:ni1ll4vPX/ckofk6OO22SrUB+Vgms2jSZSE5gRuN+UY=
github.com/crescolincs/lincs-theme v0.0.0-20240329015718-406051f24f3c h1:Xyc0J6UtZLVTbZLLv+HeVfBY/g6jW3fOPdguCOj/2wU=
github.com/crescolincs/lincs-theme v0.0.0-20240329015718-406051f24f3c/go.mod h1:ni1ll4vPX/ckofk6OO22SrUB+Vgms2jSZSE5gRuN+UY=
github.com/crescolincs/lincs-theme v0.0.0-20240329101623-d8bcb54cd818 h1:lV0huJs+z+eNh4IOhMfiK/vvTHGAV3EuZ843xf9n98Q=
github.com/crescolincs/lincs-theme v0.0.0-20240329101623-d8bcb54cd818/go.mod h1:ni1ll4vPX/ckofk6OO22SrUB+Vgms2jSZSE5gRuN+UY=
github.com/crescolincs/lincs-theme v0.0.0-20240329150324-cadb6e0203f0 h1:6SBakmAdz1RQqjpy1q9g0wjIbul/5UwZFo214QijOjo=
github.com/crescolincs/lincs-theme v0.0.0-20240329150324-cadb6e0203f0/go.mod h1:ni1ll4vPX/ckofk6OO22SrUB+Vgms2jSZSE5gRuN+UY=
github.com/crescolincs/lincs-theme v0.0.0-20240329151501-5eca5907bf4c h1:lAel6rxGir+01MW8Y4EoOgO03gMhkTKSjL+fuox3m9w=
github.com/crescolincs/lincs-theme v0.0.0-20240329151501-5eca5907bf4c/go.mod h1:ni1ll4vPX/ckofk6OO22SrUB+Vgms2jSZSE5gRuN+UY=
github.com/crescolincs/lincs-theme v0.0.0-20240330142355-3abd9e740c24 h1:cCC9aKkDvxC2FITOApqYpUfn2a9zolZ2fT3JUi0PZAE=
github.com/crescolincs/lincs-theme v0.0.0-20240330142355-3abd9e740c24/go.mod h1:ni1ll4vPX/ckofk6OO22SrUB+Vgms2jSZSE5gRuN+UY=
github.com/crescolincs/lincs-theme v0.0.0-20240330143145-1fecc8478d82 h1:ke0Bo+DImIvS9DXOgBOoWS06Be/PhWCo4e9kGtG9Ufs=
github.com/crescolincs/lincs-theme v0.0.0-20240330143145-1fecc8478d82/go.mod h1:ni1ll4vPX/ckofk6OO22SrUB+Vgms2jSZSE5gRuN+UY=
github.com/crescolincs/lincs-theme v0.0.0-20240330144637-2ea5aa486a00 h1:4CN2jt6xPwlONXkwPz3dSe2zoWlMOFLXDWzayn2dHgY=
github.com/crescolincs/lincs-theme v0.0.0-20240330144637-2ea5aa486a00/go.mod h1:ni1ll4vPX/ckofk6OO22SrUB+Vgms2jSZSE5gRuN+UY=
github.com/crescolincs/lincs-theme v0.0.0-20240330145430-df212e0eb63f h1:gxRnZgnCDrEdtvAwXmb8EGMAlkBME84MpI6IsQE5JFE=
github.com/crescolincs/lincs-theme v0.0.0-20240330145430-df212e0eb63f/go.mod h1:ni1ll4vPX/ckofk6OO22SrUB+Vgms2jSZSE5gRuN+UY=
github.com/crescolincs/lincs-theme v0.0.0-20240330155612-ee222a8f83bd h1:ew7IaL7MWyH1BqUu/LsyzOdQHmSC/XK+vfK2B4DsSPg=
github.com/crescolincs/lincs-theme v0.0.0-20240330155612-ee222a8f83bd/go.mod h1:ni1ll4vPX/ckofk6OO22SrUB+Vgms2jSZSE5gRuN+UY=
github.com/crescolincs/lincs-theme v0.0.0-20240404095228-0452f9a43f69 h1:3SXBS3EJsAc0ikvFAhkj71O/OQhd0cHbYgC4Bjnfo+M=
github.com/crescolincs/lincs-theme v0.0.0-20240404095228-0452f9a43f69/go.mod h1:ni1ll4vPX/ckofk6OO22SrUB+Vgms2jSZSE5gRuN+UY=
github.com/crescolincs/lincs-theme v0.0.0-20240404101859-ca6adf1267a7 h1:p6qdCQewaRAe/iXUGFsIbII+rMJ4wAQrW0IfgujIDvI=
github.com/crescolincs/lincs-theme v0.0.0-20240404101859-ca6adf1267a7/go.mod h1:ni1ll4vPX/ckofk6OO22SrUB+Vgms2jSZSE5gRuN+UY=
github.com/crescolincs/lincs-theme v0.0.0-20240404102618-e5297394a431 h1:lFoJQrrIlW2o1NjHNtfsNbOk8UINFzVBPdi/b608puY=
github.com/crescolincs/lincs-theme v0.0.0-20240404102618-e5297394a431/go.mod h1:ni1ll4vPX/ckofk6OO22SrUB+Vgms2jSZSE5gRuN+UY=
github.com/crescolincs/lincs-theme v0.0.0-20240404103724-5930ceb2e85e h1:hIi4GgzxSJl8k/UR502xrDqe3cMDDaSyFCTpXzwaZRM=
github.com/crescolincs/lincs-theme v0.0.0-20240404103724-5930ceb2e85e/go.mod h1:ni1ll4vPX/ckofk6OO22SrUB+Vgms2jSZSE5gRuN+UY=
github.com/crescolincs/lincs-theme v0.0.0-20240404104324-37e1b5ac05c4 h1:ufOjOQ9S6d9jj5QaOPpS+pYJkvQvTqZILPw4MqrCNRM=
github.com/crescolincs/lincs-theme v0.0.0-20240404104324-37e1b5ac05c4/go.mod h1:ni1ll4vPX/ckofk6OO22SrUB+Vgms2jSZSE5gRuN+UY=
github.com/crescolincs/lincs-theme v0.0.0-20240404113154-cd82799dd7f8 h1:AJNH/kVPvbi2T6JURxParnvhgiALCaR09tXsqa0LIMM=
github.com/crescolincs/lincs-theme v0.0.0-20240404113154-cd82799dd7f8/go.mod h1:ni1ll4vPX/ckofk6OO22SrUB+Vgms2jSZSE5gRuN+UY=
github.com/crescolincs/lincs-theme v0.0.0-20240404115158-45d20140e5df h1:Qjqhcwxmwef/HZJJlBRZAnXnN/MW3K2L5Wyb9vfTWlQ=
github.com/crescolincs/lincs-theme v0.0.0-20240404115158-45d20140e5df/go.mod h1:ni1ll4vPX/ckofk6OO22SrUB+Vgms2jSZSE5gRuN+UY=
github.com/crescolincs/lincs-theme v0.0.0-20240404120347-49fce819b2ac h1:j8Pftr7SqBcCmeZ/HliMA+7MsxP6uvDkIREP+y+UQNs=
github.com/crescolincs/lincs-theme v0.0.0-20240404120347-49fce819b2ac/go.mod h1:ni1ll4vPX/ckofk6OO22SrUB+Vgms2jSZSE5gRuN+UY=
github.com/crescolincs/lincs-theme v0.0.0-20240404120817-d2eb21983a56 h1:A4bNsO+q6qUAjS7CIHPf3Qs1pcN8yO6hSK2WYG+rILQ=
github.com/crescolincs/lincs-theme v0.0.0-20240404120817-d2eb21983a56/go.mod h1:ni1ll4vPX/ckofk6OO22SrUB+Vgms2jSZSE5gRuN+UY=
github.com/crescolincs/lincs-theme v0.0.0-20240404121056-d3a65ccaca5c h1:4RA+7s/gJkhLuWvXqJC2Jin+wMjdcpIiHE+wuuy87MI=
github.com/crescolincs/lincs-theme v0.0.0-20240404121056-d3a65ccaca5c/go.mod h1:ni1ll4vPX/ckofk6OO22SrUB+Vgms2jSZSE5gRuN+UY=
github.com/crescolincs/lincs-theme v0.0.0-20240404121604-7bbc94bac29b h1:2BqAc3klZO2Mr7Mc3MBgmr5XJV2gweVZV1pesv+le88=
github.com/crescolincs/lincs-theme v0.0.0-20240404121604-7bbc94bac29b/go.mod h1:ni1ll4vPX/ckofk6OO22SrUB+Vgms2jSZSE5gRuN+UY=
github.com/crescolincs/lincs-theme v0.0.0-20240404121837-8ab7b0fcd2ad h1:ai1jSuu7aZKtju4cAwAJ9WZxQ0z/D8e3egzrqfRboBc=
github.com/crescolincs/lincs-theme v0.0.0-20240404121837-8ab7b0fcd2ad/go.mod h1:ni1ll4vPX/ckofk6OO22SrUB+Vgms2jSZSE5gRuN+UY=
github.com/crescolincs/lincs-theme v0.0.0-20240404144745-a9210f0d5708 h1:TTa7geV6a2JyC4sEB7DGRI+2Cn4wm1/6X/8lDMkGVuM=
github.com/crescolincs/lincs-theme v0.0.0-20240404144745-a9210f0d5708/go.mod h1:ni1ll4vPX/ckofk6OO22SrUB+Vgms2jSZSE5gRuN+UY=
github.com/crescolincs/lincs-theme v0.0.0-20240404145119-ed9997c53c70 h1:fGk+zZfNPWjb7cO3SHjH0rFzy/qlgzi1g2Ct5zCsLMY=
github.com/crescolincs/lincs-theme v0.0.0-20240404145119-ed9997c53c70/go.mod h1:ni1ll4vPX/ckofk6OO22SrUB+Vgms2jSZSE5gRuN+UY=
github.com/crescolincs/lincs-theme v0.0.0-20240404150105-3faaaa8fa596 h1:AnK2N8VdLfF8HAuakaTI1vVqJmbTzGkvp35S53rwrGE=
github.com/crescolincs/lincs-theme v0.0.0-20240404150105-3faaaa8fa596/go.mod h1:ni1ll4vPX/ckofk6OO22SrUB+Vgms2jSZSE5gRuN+UY=
github.com/crescolincs/lincs-theme v0.0.0-20240404151439-7c28cd9ca3f4 h1:t1kSlf4wI/yNaNN+eezWT7k1R35jX2dGO8giBBp/jvo=
github.com/crescolincs/lincs-theme v0.0.0-20240404151439-7c28cd9ca3f4/go.mod h1:ni1ll4vPX/ckofk6OO22SrUB+Vgms2jSZSE5gRuN+UY=
github.com/crescolincs/lincs-theme v0.0.0-20240404152741-af599cfc1b80 h1:xQtJ2ns64LX8zixA4LN3fLMwWNSRp5TPuY0s/I2QNqo=
github.com/crescolincs/lincs-theme v0.0.0-20240404152741-af599cfc1b80/go.mod h1:ni1ll4vPX/ckofk6OO22SrUB+Vgms2jSZSE5gRuN+UY=
github.com/crescolincs/lincs-theme v0.0.0-20240404155236-7d85fce3075f h1:YTEdvvzpo8OuHWs1dE0L6xhUAzNUX1DrXVwseQSN16Q=
github.com/crescolincs/lincs-theme v0.0.0-20240404155236-7d85fce3075f/go.mod h1:ni1ll4vPX/ckofk6OO22SrUB+Vgms2jSZSE5gRuN+UY=
github.com/crescolincs/lincs-theme v0.0.0-20240404160417-dcb7d98ed1e1 h1:ac2RM9yZHjXrf8eCIGHHer4GPpD+AuQyKr7+jZ1fuxc=
github.com/crescolincs/lincs-theme v0.0.0-20240404160417-dcb7d98ed1e1/go.mod h1:ni1ll4vPX/ckofk6OO22SrUB+Vgms2jSZSE5gRuN+UY=
github.com/crescolincs/lincs-theme v0.0.0-20240404161137-3f608d4635c6 h1:KRJguHubD0ypbrtU8nEz3jsHIkyFFyVED28e5nhEARk=
github.com/crescolincs/lincs-theme v0.0.0-20240404161137-3f608d4635c6/go.mod h1:ni1ll4vPX/ckofk6OO22SrUB+Vgms2jSZSE5gRuN+UY=
github.com/crescolincs/lincs-theme v0.0.0-20240404165100-229bb001930d h1:I2tnr/66J1SQqxHhWkYopSjjMpJOOK+alaWYtTmZvGE=
github.com/crescolincs/lincs-theme v0.0.0-20240404165100-229bb001930d/go.mod h1:ni1ll4vPX/ckofk6OO22SrUB+Vgms2jSZSE5gRuN+UY=
github.com/crescolincs/lincs-theme v0.0.0-20240404165546-00c3db81a2b4 h1:hvlyRoL8aCEDmbhJ47xvAXXASMntPL1DBG3VYTV3GBU=
github.com/crescolincs/lincs-theme v0.0.0-20240404165546-00c3db81a2b4/go.mod h1:ni1ll4vPX/ckofk6OO22SrUB+Vgms2jSZSE5gRuN+UY=
github.com/crescolincs/lincs-theme v0.0.0-20240404170833-5abd660ecfac h1:gDUgTi9ffGn0TEo0e1gz0q+/TWhqdzTtEaCqXzvRsDs=
github.com/crescolincs/lincs-theme v0.0.0-20240404170833-5abd660ecfac/go.mod h1:ni1ll4vPX/ckofk6OO22SrUB+Vgms2jSZSE5gRuN+UY=
github.com/crescolincs/lincs-theme v0.0.0-20240404173315-04522182b626 h1:QnOrmgzRrihL2HPL9FnWuSB1fPpzxBX71b9p8THECOM=
github.com/crescolincs/lincs-theme v0.0.0-20240404173315-04522182b626/go.mod h1:ni1ll4vPX/ckofk6OO22SrUB+Vgms2jSZSE5gRuN+UY=
github.com/crescolincs/lincs-theme v0.0.0-20240404205107-60e59bed0195 h1:4EQL2i9CqJ3pMVmMH7oa4YBHRA0KkMTxN8OKTLtkILU=
github.com/crescolincs/lincs-theme v0.0.0-20240404205107-60e59bed0195/go.mod h1:ni1ll4vPX/ckofk6OO22SrUB+Vgms2jSZSE5gRuN+UY=
github.com/crescolincs/lincs-theme v0.0.0-20240404205709-d74b2f6dd955 h1:kNbohAHZu/wgo3uH47UfmQO7epKwrHSji8i0BhxN8sE=
github.com/crescolincs/lincs-theme v0.0.0-20240404205709-d74b2f6dd955/go.mod h1:ni1ll4vPX/ckofk6OO22SrUB+Vgms2jSZSE5gRuN+UY=
github.com/crescolincs/lincs-theme v0.0.0-20240404213904-eedd49cdc53b h1:XRbrLhyD/NurgOBsoQtC2UQHQ7RKIUP2Cx2nWOKKTVM=
github.com/crescolincs/lincs-theme v0.0.0-20240404213904-eedd49cdc53b/go.mod h1:ni1ll4vPX/ckofk6OO22SrUB+Vgms2jSZSE5gRuN+UY=
github.com/crescolincs/lincs-theme v0.0.0-20240404220241-f3575ea9bac3 h1:k+58u/LXRFMMqEg5bedVX9Yoj36ZhOc1cbTEbQPqsqI=
github.com/crescolincs/lincs-theme v0.0.0-20240404220241-f3575ea9bac3/go.mod h1:ni1ll4vPX/ckofk6OO22SrUB+Vgms2jSZSE5gRuN+UY=
github.com/crescolincs/lincs-theme v0.0.0-20240404223619-fbe3488283b5 h1:H/8JAb18niGum2UgofmVGkoS4yatiR9Ejs7iKyeH3GA=
github.com/crescolincs/lincs-theme v0.0.0-20240404223619-fbe3488283b5/go.mod h1:ni1ll4vPX/ckofk6OO22SrUB+Vgms2jSZSE5gRuN+UY=
github.com/crescolincs/lincs-theme v0.0.0-20240404224347-3bc69c7fdb47 h1:89uOP5FH5YehoqCOEas5FSH6NPc+DANh5ygWqumzz0I=
github.com/crescolincs/lincs-theme v0.0.0-20240404224347-3bc69c7fdb47/go.mod h1:ni1ll4vPX/ckofk6OO22SrUB+Vgms2jSZSE5gRuN+UY=
github.com/crescolincs/lincs-theme v0.0.0-20240404224732-1d55fc74c222 h1:mrbWQzF3L+HfwLhWJPGki4p5eBWl+GoKbTurBrjCCys=
github.com/crescolincs/lincs-theme v0.0.0-20240404224732-1d55fc74c222/go.mod h1:ni1ll4vPX/ckofk6OO22SrUB+Vgms2jSZSE5gRuN+UY=
github.com/crescolincs/lincs-theme v0.0.0-20240405083427-0cebcbee7719 h1:69J2Xw9tXHfb5x3yxH5O1ucwnV/C21tfs9hT+lUkNIg=
github.com/crescolincs/lincs-theme v0.0.0-20240405083427-0cebcbee7719/go.mod h1:ni1ll4vPX/ckofk6OO22SrUB+Vgms2jSZSE5gRuN+UY=
github.com/crescolincs/lincs-theme v0.0.0-20240405091543-83923b2b4118 h1:ltM1mtbeT86kDotPVBBUcmBOiwoi6r+er9egxQ491S4=
github.com/crescolincs/lincs-theme v0.0.0-20240405091543-83923b2b4118/go.mod h1:ni1ll4vPX/ckofk6OO22SrUB+Vgms2jSZSE5gRuN+UY=
github.com/crescolincs/lincs-theme v0.0.0-20240406164804-c1a86f1180c8 h1:cGUNgOq14ows2tKqSizC07vyFRRLofQ0yuRvD+TWsuM=
github.com/crescolincs/lincs-theme v0.0.0-20240406164804-c1a86f1180c8/go.mod h1:ni1ll4vPX/ckofk6OO22SrUB+Vgms2jSZSE5gRuN+UY=
github.com/crescolincs/lincs-theme v0.0.0-20240406172236-85621f89c6b1 h1:oNHxRMKHFAMkUsuwX9aWzgjzGWdWJzX/9Oh95R88mac=
github.com/crescolincs/lincs-theme v0.0.0-20240406172236-85621f89c6b1/go.mod h1:ni1ll4vPX/ckofk6OO22SrUB+Vgms2jSZSE5gRuN+UY=
github.com/crescolincs/lincs-theme v0.0.0-20240406172745-47bf5d0a566a h1:DOEFrGqq5Eo/8VDeFEDoLv1c88jTjbM8bjAkHKdksxI=
github.com/crescolincs/lincs-theme v0.0.0-20240406172745-47bf5d0a566a/go.mod h1:ni1ll4vPX/ckofk6OO22SrUB+Vgms2jSZSE5gRuN+UY=
github.com/crescolincs/lincs-theme v0.0.0-20240406173238-d4f2a011d64f h1:E6+qSyPcKFN+6AuXue5lcNgdfyhB9Zoaz1lSYuTzMM0=
github.com/crescolincs/lincs-theme v0.0.0-20240406173238-d4f2a011d64f/go.mod h1:ni1ll4vPX/ckofk6OO22SrUB+Vgms2jSZSE5gRuN+UY=
github.com/crescolincs/lincs-theme v0.0.0-20240407152951-e49acf005950 h1:bz+Au9qAvIPNRfX+jFnBdumIDDpEbpslOSGlVnACFZ8=
github.com/crescolincs/lincs-theme v0.0.0-20240407152951-e49acf005950/go.mod h1:ni1ll4vPX/ckofk6OO22SrUB+Vgms2jSZSE5gRuN+UY=
github.com/crescolincs/lincs-theme v0.0.0-20240407153351-a284bb5072f2 h1:CIOestRuDV7xr0fPeXCRbo+2ynsJK1BSstKPMrYyXz8=
github.com/crescolincs/lincs-theme v0.0.0-20240407153351-a284bb5072f2/go.mod h1:ni1ll4vPX/ckofk6OO22SrUB+Vgms2jSZSE5gRuN+UY=
github.com/crescolincs/lincs-theme v0.0.0-20240411093009-a63a15d4e142 h1:sYvL8/kRQc0bGTZXnWGVY/Gp4eHd+ew4yXv3Cbv4cG4=
github.com/crescolincs/lincs-theme v0.0.0-20240411093009-a63a15d4e142/go.mod h1:ni1ll4vPX/ckofk6OO22SrUB+Vgms2jSZSE5gRuN+UY=
github.com/crescolincs/lincs-theme v0.0.0-20240411100533-19f6e09e1b2f h1:moGqiIWOJgHQOQe7EGkgxMlT6ocpPvdtS9dNFpbTX/g=
github.com/crescolincs/lincs-theme v0.0.0-20240411100533-19f6e09e1b2f/go.mod h1:ni1ll4vPX/ckofk6OO22SrUB+Vgms2jSZSE5gRuN+UY=
github.com/crescolincs/lincs-theme v0.0.0-20240411110158-766ae5ecf1d3 h1:xS8eTDcuzVxMFxqwt0e92yHR+AWVUFOS3eIgPL9cxJk=
github.com/crescolincs/lincs-theme v0.0.0-20240411110158-766ae5ecf1d3/go.mod h1:ni1ll4vPX/ckofk6OO22SrUB+Vgms2jSZSE5gRuN+UY=
github.com/crescolincs/lincs-theme v0.0.0-20240411111742-6060d7339f83 h1:3YBqmVtTMyI4rtiy/kA+X+zBoJJQsrk3MuXvrkkPscI=
github.com/crescolincs/lincs-theme v0.0.0-20240411111742-6060d7339f83/go.mod h1:ni1ll4vPX/ckofk6OO22SrUB+Vgms2jSZSE5gRuN+UY=
github.com/crescolincs/lincs-theme v0.0.0-20240411112512-f85dc1aa900d h1:3CGikAsCEqPqquWMlydbI7+tNyYf6GJyksoNYH1t6vM=
github.com/crescolincs/lincs-theme v0.0.0-20240411112512-f85dc1aa900d/go.mod h1:ni1ll4vPX/ckofk6OO22SrUB+Vgms2jSZSE5gRuN+UY=
github.com/crescolincs/lincs-theme v0.0.0-20240413142503-e014b0126658 h1:UYTkG4RkCd7SOaaln56IVf5788GwzYXO0t7DGRcp2+o=
github.com/crescolincs/lincs-theme v0.0.0-20240413142503-e014b0126658/go.mod h1:ni1ll4vPX/ckofk6OO22SrUB+Vgms2jSZSE5gRuN+UY=
github.com/crescolincs/lincs-theme v0.0.0-20240414142958-fcb85c99428d h1:Sp2KSYWoDjgqI1mJ1CKbLTW0xRQOgiwVzNIUIpROg0I=
github.com/crescolincs/lincs-theme v0.0.0-20240414142958-fcb85c99428d/go.mod h1:ni1ll4vPX/ckofk6OO22SrUB+Vgms2jSZSE5gRuN+UY=
github.com/crescolincs/lincs-theme v0.0.0-20240414143447-a79d6405fc02 h1:+kw5GbY1RgWdKY3Cb1PM+O1gE8+M4GxBqqLrGTvY/2k=
github.com/crescolincs/lincs-theme v0.0.0-20240414143447-a79d6405fc02/go.mod h1:ni1ll4vPX/ckofk6OO22SrUB+Vgms2jSZSE5gRuN+UY=
github.com/crescolincs/lincs-theme v0.0.0-20240414144153-021e1fcd74e0 h1:272HuZi2vzDbCrYBGLpHEnwzre/0Kf6i2dh1nbxxuyk=
github.com/crescolincs/lincs-theme v0.0.0-20240414144153-021e1fcd74e0/go.mod h1:ni1ll4vPX/ckofk6OO22SrUB+Vgms2jSZSE5gRuN+UY=
github.com/crescolincs/lincs-theme v0.0.0-20240414144638-8e95862971ae h1:lWtF06LAQV9qHoUG3mzZ23qgMIL40kz2MU8uP2+D3wQ=
github.com/crescolincs/lincs-theme v0.0.0-20240414144638-8e95862971ae/go.mod h1:ni1ll4vPX/ckofk6OO22SrUB+Vgms2jSZSE5gRuN+UY=
github.com/crescolincs/lincs-theme v0.0.0-20240414145645-555c25e5c711 h1:wHxmi+JmR3ENPUxvvQdCHZ+bhXY/mx0PCQB/9rs+AnE=
github.com/crescolincs/lincs-theme v0.0.0-20240414145645-555c25e5c711/go.mod h1:ni1ll4vPX/ckofk6OO22SrUB+Vgms2jSZSE5gRuN+UY=
github.com/crescolincs/lincs-theme v0.0.0-20240414151343-8e13a3f100a8 h1:T9vIHY4lFy1Ku7j9Y8M5iBI6dCbcrJu3tZrxRCZuOjc=
github.com/crescolincs/lincs-theme v0.0.0-20240414151343-8e13a3f100a8/go.mod h1:ni1ll4vPX/ckofk6OO22SrUB+Vgms2jSZSE5gRuN+UY=
github.com/crescolincs/lincs-theme v0.0.0-20240414151847-50e6bef25b9e h1:wM9x1wJ6EC4o3d8omlUPUb0cABwI9qhoJeNuMwllKgE=
github.com/crescolincs/lincs-theme v0.0.0-20240414151847-50e6bef25b9e/go.mod h1:ni1ll4vPX/ckofk6OO22SrUB+Vgms2jSZSE5gRuN+UY=
github.com/crescolincs/lincs-theme v0.0.0-20240414154928-21c67869c1b0 h1:uLzFjJUmU8lkakiXPHiS6ko6/srSuLqwNEo42diAKh8=
github.com/crescolincs/lincs-theme v0.0.0-20240414154928-21c67869c1b0/go.mod h1:ni1ll4vPX/ckofk6OO22SrUB+Vgms2jSZSE5gRuN+UY=
github.com/crescolincs/lincs-theme v0.0.0-20240414155157-bffa9206b9f1 h1:wacCj4Dj1cgsNDI9c5X4DvrZa2bFx839+himIqRbdoA=
github.com/crescolincs/lincs-theme v0.0.0-20240414155157-bffa9206b9f1/go.mod h1:ni1ll4vPX/ckofk6OO22SrUB+Vgms2jSZSE5gRuN+UY=
github.com/crescolincs/lincs-theme v0.0.0-20240415093053-4f05cf6f9660 h1:XJjadbSPwKOp/achy5eXzGHzt2Dxtv+Ra/Bq+5j9oGY=
github.com/crescolincs/lincs-theme v0.0.0-20240415093053-4f05cf6f9660/go.mod h1:ni1ll4vPX/ckofk6OO22SrUB+Vgms2jSZSE5gRuN+UY=
github.com/crescolincs/lincs-theme v0.0.0-20240415100205-fd11f1cbb30a h1:NrEBC4e0xwBSX/aNELWp6p2jaBjtAU0C4CKOAx+E5/Y=
github.com/crescolincs/lincs-theme v0.0.0-20240415100205-fd11f1cbb30a/go.mod h1:ni1ll4vPX/ckofk6OO22SrUB+Vgms2jSZSE5gRuN+UY=
github.com/crescolincs/lincs-theme v0.0.0-20240415102500-4ecf8e3bcd5c h1:MQvK0PsjwyxnjDDLJcYUB1vrUrR9p009rZolm/2I8WA=
github.com/crescolincs/lincs-theme v0.0.0-20240415102500-4ecf8e3bcd5c/go.mod h1:ni1ll4vPX/ckofk6OO22SrUB+Vgms2jSZSE5gRuN+UY=
github.com/crescolincs/lincs-theme v0.0.0-20240415102735-23e1bdd4e49f h1:Q3Z7+u8RnObgnYdx96QM3J490SGaKYkhlvRQ0XXf4pU=
github.com/crescolincs/lincs-theme v0.0.0-20240415102735-23e1bdd4e49f/go.mod h1:ni1ll4vPX/ckofk6OO22SrUB+Vgms2jSZSE5gRuN+UY=
github.com/crescolincs/lincs-theme v0.0.0-20240415103137-747f038fde33 h1:wIG3vVVH2E866CLInCZ+rdplv21cD2PQZYzmiTmuuHo=
github.com/crescolincs/lincs-theme v0.0.0-20240415103137-747f038fde33/go.mod h1:ni1ll4vPX/ckofk6OO22SrUB+Vgms2jSZSE5gRuN+UY=
github.com/crescolincs/lincs-theme v0.0.0-20240415103742-316279d50dfc h1:khWeC0zqZfZoLVYFrrtcmlzffrseEncAFHxwbw6BrYc=
github.com/crescolincs/lincs-theme v0.0.0-20240415103742-316279d50dfc/go.mod h1:ni1ll4vPX/ckofk6OO22SrUB+Vgms2jSZSE5gRuN+UY=
github.com/crescolincs/lincs-theme v0.0.0-20240415105615-b23e293143a0 h1:05fuJMf+H0zB5Mpt+tu8otsnHOGLIyNlMJeKWp3d4BE=
github.com/crescolincs/lincs-theme v0.0.0-20240415105615-b23e293143a0/go.mod h1:ni1ll4vPX/ckofk6OO22SrUB+Vgms2jSZSE5gRuN+UY=
github.com/crescolincs/lincs-theme v0.0.0-20240415111811-5228a467d156 h1:ve6ofzF3Sg4HGqWIACAJ407fpuQOofHRyZ8IKVNUw2M=
github.com/crescolincs/lincs-theme v0.0.0-20240415111811-5228a467d156/go.mod h1:ni1ll4vPX/ckofk6OO22SrUB+Vgms2jSZSE5gRuN+UY=
github.com/crescolincs/lincs-theme v0.0.0-20240415112836-d01d359ba997 h1:t7PwC8UUJdOhNcn+Qf3032kxG9N3NLeRCsVDXvgzfNo=
github.com/crescolincs/lincs-theme v0.0.0-20240415112836-d01d359ba997/go.mod h1:ni1ll4vPX/ckofk6OO22SrUB+Vgms2jSZSE5gRuN+UY=
github.com/crescolincs/lincs-theme v0.0.0-20240415115447-c880f3e214b5 h1:ZmLfeE9KXLCp2SK/0+86jxtkBG+sZW51Ufsv9G0tF/s=
github.com/crescolincs/lincs-theme v0.0.0-20240415115447-c880f3e214b5/go.mod h1:ni1ll4vPX/ckofk6OO22SrUB+Vgms2jSZSE5gRuN+UY=
github.com/crescolincs/lincs-theme v0.0.0-20240415120430-65762a004b61 h1:BH7jepBOplLCjFGVeeK/sSaFicPtBmMxh1OQGtt1dcw=
github.com/crescolincs/lincs-theme v0.0.0-20240415120430-65762a004b61/go.mod h1:ni1ll4vPX/ckofk6OO22SrUB+Vgms2jSZSE5gRuN+UY=
github.com/crescolincs/lincs-theme v0.0.0-20240415120710-62ca74201865 h1:Sz4d95xdvxFEkUIPig04QONSp2ZDCeERye13nZLV4aY=
github.com/crescolincs/lincs-theme v0.0.0-20240415120710-62ca74201865/go.mod h1:ni1ll4vPX/ckofk6OO22SrUB+Vgms2jSZSE5gRuN+UY=
github.com/crescolincs/lincs-theme v0.0.0-20240415120922-089c193dc6c6 h1:la1w6gz1sV7WFNGstVeUilaOP27sER2QRfRYZIApBDo=
github.com/crescolincs/lincs-theme v0.0.0-20240415120922-089c193dc6c6/go.mod h1:ni1ll4vPX/ckofk6OO22SrUB+Vgms2jSZSE5gRuN+UY=
github.com/crescolincs/lincs-theme v0.0.0-20240415134954-bdf9c97f3540 h1:gZUG/UcSKFX2ERajZ4PrkvGVCJSeT6e71vTNEIOvGcg=
github.com/crescolincs/lincs-theme v0.0.0-20240415134954-bdf9c97f3540/go.mod h1:ni1ll4vPX/ckofk6OO22SrUB+Vgms2jSZSE5gRuN+UY=
github.com/crescolincs/lincs-theme v0.0.0-20240415145819-0d4fe6838618 h1:tMiz2DHMjXYkSg88HV3JW5m3ilo6ZPX2oQSUCuiWyqY=
github.com/crescolincs/lincs-theme v0.0.0-20240415145819-0d4fe6838618/go.mod h1:ni1ll4vPX/ckofk6OO22SrUB+Vgms2jSZSE5gRuN+UY=
github.com/crescolincs/lincs-theme v0.0.0-20240415223037-8f4e3b30f828 h1:5NfW+GA+4iT6sC9IG70wN8QDd0qP+i9fmYv2h8HqGAs=
github.com/crescolincs/lincs-theme v0.0.0-20240415223037-8f4e3b30f828/go.mod h1:ni1ll4vPX/ckofk6OO22SrUB+Vgms2jSZSE5gRuN+UY=
github.com/crescolincs/lincs-theme v0.0.0-20240416115914-3b9a224865be h1:B3Vi6EmjDXcCYOtRM0hfNznV6wN/1eJKftq25MgVy5w=
github.com/crescolincs/lincs-theme v0.0.0-20240416115914-3b9a224865be/go.mod h1:ni1ll4vPX/ckofk6OO22SrUB+Vgms2jSZSE5gRuN+UY=
github.com/crescolincs/lincs-theme v0.0.0-20240418173923-614d48ebf559 h1:kywLEdFQKUsbAq+X3l52OyRCL2OEE6drTFxsVeUPO6o=
github.com/crescolincs/lincs-theme v0.0.0-20240418173923-614d48ebf559/go.mod h1:ni1ll4vPX/ckofk6OO22SrUB+Vgms2jSZSE5gRuN+UY=
github.com/crescolincs/lincs-theme v0.0.0-20240418174201-de68f3bd20ea h1:MVqtq8PMBr+4VwOVSJW/SIx+nmmQbhPfT5yu5Ujzvq4=
github.com/crescolincs/lincs-theme v0.0.0-20240418174201-de68f3bd20ea/go.mod h1:ni1ll4vPX/ckofk6OO22SrUB+Vgms2jSZSE5gRuN+UY=
github.com/crescolincs/lincs-theme v0.0.0-20240418221540-956b7d639699 h1:rdtBg4/TiqS7VcFpt4cFrnxPiV45zET95fI8PPFV1+o=
github.com/crescolincs/lincs-theme v0.0.0-20240418221540-956b7d639699/go.mod h1:ni1ll4vPX/ckofk6OO22SrUB+Vgms2jSZSE5gRuN+UY=
github.com/crescolincs/lincs-theme v0.0.0-20240418222545-3eb35f3a097c h1:PmdAg1V1ZmMhvSGFjJ7EzGi1HYBKZi5KBvRa9Mremnw=
github.com/crescolincs/lincs-theme v0.0.0-20240418222545-3eb35f3a097c/go.mod h1:ni1ll4vPX/ckofk6OO22SrUB+Vgms2jSZSE5gRuN+UY=
github.com/crescolincs/lincs-theme v0.0.0-20240418230539-e0407251f017 h1:uOMsLeLmSukyGPnsxSaadpqIe3IkBLlPDVMgR+dKtaA=
github.com/crescolincs/lincs-theme v0.0.0-20240418230539-e0407251f017/go.mod h1:ni1ll4vPX/ckofk6OO22SrUB+Vgms2jSZSE5gRuN+UY=
github.com/crescolincs/lincs-theme v0.0.0-20240419083824-c89a6eff69cd h1:VPz2oql2kH/C7GpWaKsh3W2FPwh688naWemiTa8SYzY=
github.com/crescolincs/lincs-theme v0.0.0-20240419083824-c89a6eff69cd/go.mod h1:ni1ll4vPX/ckofk6OO22SrUB+Vgms2jSZSE5gRuN+UY=
github.com/crescolincs/lincs-theme v0.0.0-20240419153849-183e85481e50 h1:IcWoF5brXlKYy6Te3S71323ZpZsTIIXwdylY18vRPe4=
github.com/crescolincs/lincs-theme v0.0.0-20240419153849-183e85481e50/go.mod h1:ni1ll4vPX/ckofk6OO22SrUB+Vgms2jSZSE5gRuN+UY=
github.com/crescolincs/lincs-theme v0.0.0-20240419204428-8e5a99f7e645 h1:8gAIfepxhjX/A/ReGtiyIhI5K7x2E+XHUlYujgPXxFA=
github.com/crescolincs/lincs-theme v0.0.0-20240419204428-8e5a99f7e645/go.mod h1:ni1ll4vPX/ckofk6OO22SrUB+Vgms2jSZSE5gRuN+UY=
github.com/crescolincs/lincs-theme v0.0.0-20240419231011-70edb6760cce h1:ftcYGJCgWODrIGXnvNRqjn0wTNEHfUDyTdnAhboX0NM=
github.com/crescolincs/lincs-theme v0.0.0-20240419231011-70edb6760cce/go.mod h1:ni1ll4vPX/ckofk6OO22SrUB+Vgms2jSZSE5gRuN+UY=
github.com/crescolincs/lincs-theme v0.0.0-20240420091801-b9c33c4c26e9 h1:VMbfQn3eoyYxkP52z/1q+f3H399Nao+bC3PFntj2uyM=
github.com/crescolincs/lincs-theme v0.0.0-20240420091801-b9c33c4c26e9/go.mod h1:ni1ll4vPX/ckofk6OO22SrUB+Vgms2jSZSE5gRuN+UY=
github.com/crescolincs/lincs-theme v0.0.0-20240420113136-e6ea61c4bbab h1:7WdCVahJ01P82A1IF3p8dD+8/fLW1qx0gTUMm3c1A1Q=
github.com/crescolincs/lincs-theme v0.0.0-20240420113136-e6ea61c4bbab/go.mod h1:ni1ll4vPX/ckofk6OO22SrUB+Vgms2jSZSE5gRuN+UY=
github.com/crescolincs/lincs-theme v0.0.0-20240420121730-766a382bc658 h1:EhKMLXQowLxwkvo/fQbBhRD7Tllj5WAfllexJy6G0Yc=
github.com/crescolincs/lincs-theme v0.0.0-20240420121730-766a382bc658/go.mod h1:ni1ll4vPX/ckofk6OO22SrUB+Vgms2jSZSE5gRuN+UY=
github.com/crescolincs/lincs-theme v0.0.0-20240420142932-24d2574dd4ae h1:JbUzQhOxckSIgfMBPaInFdumtX/U2BHx5dvNsABeM7M=
github.com/crescolincs/lincs-theme v0.0.0-20240420142932-24d2574dd4ae/go.mod h1:ni1ll4vPX/ckofk6OO22SrUB+Vgms2jSZSE5gRuN+UY=
github.com/crescolincs/lincs-theme v0.0.0-20240420143252-49a63618b0e1 h1:1Fa8mscHRIdRsUWisUB42sp53sXXbnps1t0KVsUfJy0=
github.com/crescolincs/lincs-theme v0.0.0-20240420143252-49a63618b0e1/go.mod h1:ni1ll4vPX/ckofk6OO22SrUB+Vgms2jSZSE5gRuN+UY=
github.com/crescolincs/lincs-theme v0.0.0-20240420144955-7a9672fc78af h1:tjVQMXgHATFxtxEn4WR/kA6yk38ZuD8/wEQNhjnG784=
github.com/crescolincs/lincs-theme v0.0.0-20240420144955-7a9672fc78af/go.mod h1:ni1ll4vPX/ckofk6OO22SrUB+Vgms2jSZSE5gRuN+UY=
github.com/crescolincs/lincs-theme v0.0.0-20240420145426-ccfe76d50ff4 h1:w7kJoz9aNApolvmQIHX76gz9jVcuRKKzFc3nvzkf7FM=
github.com/crescolincs/lincs-theme v0.0.0-20240420145426-ccfe76d50ff4/go.mod h1:ni1ll4vPX/ckofk6OO22SrUB+Vgms2jSZSE5gRuN+UY=
github.com/crescolincs/lincs-theme v0.0.0-20240420154925-50f122e76ed0 h1:1Vb6TBDxTNozz5fIImcoDR21PhsxS/LDx1oSN9IBMNk=
github.com/crescolincs/lincs-theme v0.0.0-20240420154925-50f122e76ed0/go.mod h1:ni1ll4vPX/ckofk6OO22SrUB+Vgms2jSZSE5gRuN+UY=
github.com/crescolincs/lincs-theme v0.0.0-20240420163641-8d13664209d8 h1:PitO4TNTXoLiDU5VQRr6f2sVpoEcRUiN/JSW1WcALgo=
github.com/crescolincs/lincs-theme v0.0.0-20240420163641-8d13664209d8/go.mod h1:ni1ll4vPX/ckofk6OO22SrUB+Vgms2jSZSE5gRuN+UY=
github.com/crescolincs/lincs-theme v0.0.0-20240420171755-926f2660ea97 h1:o9/2SECAYRjw35gS0UTlxAnOfESy7YjB47Jjdl4aLcg=
github.com/crescolincs/lincs-theme v0.0.0-20240420171755-926f2660ea97/go.mod h1:ni1ll4vPX/ckofk6OO22SrUB+Vgms2jSZSE5gRuN+UY=
github.com/crescolincs/lincs-theme v0.0.0-20240420205735-632730fc120b h1:r5uSluP/0ed/fap2s9ntt2UNZOcjkbcxfbNwAH+8nkw=
github.com/crescolincs/lincs-theme v0.0.0-20240420205735-632730fc120b/go.mod h1:ni1ll4vPX/ckofk6OO22SrUB+Vgms2jSZSE5gRuN+UY=
github.com/crescolincs/lincs-theme v0.0.0-20240421211255-52bc8a056964 h1:XnJ7hvy8tW9ADX9deapdqHJ2KND5V7R7e+hOrVrGgbs=
github.com/crescolincs/lincs-theme v0.0.0-20240421211255-52bc8a056964/go.mod h1:ni1ll4vPX/ckofk6OO22SrUB+Vgms2jSZSE5gRuN+UY=
github.com/crescolincs/lincs-theme v0.0.0-20240430140157-4ee5426b4add h1:INZCSHpfcf2umURXleWwlthq1tOkyHQnWmqjEhgXlJc=
github.com/crescolincs/lincs-theme v0.0.0-20240430140157-4ee5426b4add/go.mod h1:ni1ll4vPX/ckofk6OO22SrUB+Vgms2jSZSE5gRuN+UY=
github.com/crescolincs/lincs-theme v0.0.0-20240430140615-9cc1678418e8 h1:JcIoFdH0NOMBkXc8S+Im+XXagjpzhFgUWqnDZyFGfPM=
github.com/crescolincs/lincs-theme v0.0.0-20240430140615-9cc1678418e8/go.mod h1:ni1ll4vPX/ckofk6OO22SrUB+Vgms2jSZSE5gRuN+UY=
github.com/crescolincs/lincs-theme v0.0.0-20240430140851-5f90cd0edf10 h1:NNLI2MD7eP2IvpSqhMTYjUuQfEltTMUe7y+8iCVl0Gc=
github.com/crescolincs/lincs-theme v0.0.0-20240430140851-5f90cd0edf10/go.mod h1:ni1ll4vPX/ckofk6OO22SrUB+Vgms2jSZSE5gRuN+UY=
github.com/crescolincs/lincs-theme v0.0.0-20240430141138-a303e9b4d9dd h1:yR+g/Z37e7unlvvPxghnGURACj9OKu2ox1K9TA4uc3s=
github.com/crescolincs/lincs-theme v0.0.0-20240430141138-a303e9b4d9dd/go.mod h1:ni1ll4vPX/ckofk6OO22SrUB+Vgms2jSZSE5gRuN+UY=
github.com/crescolincs/lincs-theme v0.0.0-20240430144531-c09146ffc6a7 h1:tVTm8aD4KuBBr0GoKqlE2dWWqG3HJwwI+6Osbvq8Zms=
github.com/crescolincs/lincs-theme v0.0.0-20240430144531-c09146ffc6a7/go.mod h1:ni1ll4vPX/ckofk6OO22SrUB+Vgms2jSZSE5gRuN+UY=
github.com/crescolincs/lincs-theme v0.0.0-20240430145847-022270085a27 h1:8pAmdB7bWCsqZpoRqj8xXCNmol/cuGqp8Refr5TLkgY=
github.com/crescolincs/lincs-theme v0.0.0-20240430145847-022270085a27/go.mod h1:ni1ll4vPX/ckofk6OO22SrUB+Vgms2jSZSE5gRuN+UY=
github.com/crescolincs/lincs-theme v0.0.0-20240430150416-8c9bf9c41609 h1:mVbU+WKXwuL8kWwWb+V5AxKfLSaXWw4EehZR+TYAz+A=
github.com/crescolincs/lincs-theme v0.0.0-20240430150416-8c9bf9c41609/go.mod h1:ni1ll4vPX/ckofk6OO22SrUB+Vgms2jSZSE5gRuN+UY=
github.com/crescolincs/lincs-theme v0.0.0-20240430163310-c096a1b7e81c h1:BNWLKfJkNRzVSPX2btJOjff8LymrPbKNYjKuz4JmNgE=
github.com/crescolincs/lincs-theme v0.0.0-20240430163310-c096a1b7e81c/go.mod h1:ni1ll4vPX/ckofk6OO22SrUB+Vgms2jSZSE5gRuN+UY=
github.com/crescolincs/lincs-theme v0.0.0-20240430163648-a112564aba89 h1:CdiiN5vpa60ONnMO8TiT3twQV9gV0KVPdc7yuRGHSzI=
github.com/crescolincs/lincs-theme v0.0.0-20240430163648-a112564aba89/go.mod h1:ni1ll4vPX/ckofk6OO22SrUB+Vgms2jSZSE5gRuN+UY=
github.com/crescolincs/lincs-theme v0.0.0-20240501130912-7d062623f7e6 h1:p759qlkvygRIcJFTCaHT6BZXAQDbndV/cUHng4Vl8uc=
github.com/crescolincs/lincs-theme v0.0.0-20240501130912-7d062623f7e6/go.mod h1:ni1ll4vPX/ckofk6OO22SrUB+Vgms2jSZSE5gRuN+UY=
github.com/crescolincs/lincs-theme v0.0.0-20240501133720-23dfa4659406 h1:hAXdq5TBor9cU92I9v4LXGstoYiAlusoXdZikOSYyFE=
github.com/crescolincs/lincs-theme v0.0.0-20240501133720-23dfa4659406/go.mod h1:ni1ll4vPX/ckofk6OO22SrUB+Vgms2jSZSE5gRuN+UY=
github.com/crescolincs/lincs-theme v0.0.0-20240505142946-99dae2c51177 h1:NuRmKAoR30Y4umoL8asgONjRRMhRA0rrshdBQdLfpIU=
github.com/crescolincs/lincs-theme v0.0.0-20240505142946-99dae2c51177/go.mod h1:ni1ll4vPX/ckofk6OO22SrUB+Vgms2jSZSE5gRuN+UY=
github.com/crescolincs/lincs-theme v0.0.0-20240508121755-0732fee54a86 h1:zOPZXhlP+bo9u0vr51/QZjzs1NUMEKBkTWVIiTlFeT0=
github.com/crescolincs/lincs-theme v0.0.0-20240508121755-0732fee54a86/go.mod h1:ni1ll4vPX/ckofk6OO22SrUB+Vgms2jSZSE5gRuN+UY=
