github.com/crescolincs/lincs-theme v0.0.0-20240327135457-a3e6979ee018 h1:57lnIJQc0riqIxLwQWhSFnFRrJQ3hRkMI86GOqOzT8s=
github.com/crescolincs/lincs-theme v0.0.0-20240327135457-a3e6979ee018/go.mod h1:ni1ll4vPX/ckofk6OO22SrUB+Vgms2jSZSE5gRuN+UY=
github.com/crescolincs/lincs-theme v0.0.0-20240327141153-5d7b7578aafc h1:TiIiyIA9dyTlkf+4Mf4+NK+/HFBHMh9Kk0xpAm+6ck8=
github.com/crescolincs/lincs-theme v0.0.0-20240327141153-5d7b7578aafc/go.mod h1:ni1ll4vPX/ckofk6OO22SrUB+Vgms2jSZSE5gRuN+UY=
github.com/crescolincs/lincs-theme v0.0.0-20240327142530-8a8c2577991e h1:7Xjrs9B3gmtEBwDK/8prhowlrjpkWnu3nybiWenkFVM=
github.com/crescolincs/lincs-theme v0.0.0-20240327142530-8a8c2577991e/go.mod h1:ni1ll4vPX/ckofk6OO22SrUB+Vgms2jSZSE5gRuN+UY=
github.com/crescolincs/lincs-theme v0.0.0-20240327153851-003c56fc623c h1:oxY1baKODoNbDPULqKq5dk4qQ68Jp3QEzz5bjgmS9Gc=
github.com/crescolincs/lincs-theme v0.0.0-20240327153851-003c56fc623c/go.mod h1:ni1ll4vPX/ckofk6OO22SrUB+Vgms2jSZSE5gRuN+UY=
github.com/crescolincs/lincs-theme v0.0.0-20240327154158-ea803d4cf0f9 h1:vtxXlkgY5S8zBqWNKloepj/4p+MkN2oUYIH3dE1veBg=
github.com/crescolincs/lincs-theme v0.0.0-20240327154158-ea803d4cf0f9/go.mod h1:ni1ll4vPX/ckofk6OO22SrUB+Vgms2jSZSE5gRuN+UY=
github.com/crescolincs/lincs-theme v0.0.0-20240327154510-a2cb97d2528b h1:+6WT7T+KSdOcgjlv6S6Bc8Qo/uLQVuhnsgZZtcQYpRQ=
github.com/crescolincs/lincs-theme v0.0.0-20240327154510-a2cb97d2528b/go.mod h1:ni1ll4vPX/ckofk6OO22SrUB+Vgms2jSZSE5gRuN+UY=
github.com/crescolincs/lincs-theme v0.0.0-20240327155224-32776a7c46d3 h1:0bW8ehHZg8vSZBCjfoKh/RWAtMR1LMgIVySkdy7wWPQ=
github.com/crescolincs/lincs-theme v0.0.0-20240327155224-32776a7c46d3/go.mod h1:ni1ll4vPX/ckofk6OO22SrUB+Vgms2jSZSE5gRuN+UY=
