github.com/crescolincs/lincs-theme v0.0.0-20240327135457-a3e6979ee018 h1:57lnIJQc0riqIxLwQWhSFnFRrJQ3hRkMI86GOqOzT8s=
github.com/crescolincs/lincs-theme v0.0.0-20240327135457-a3e6979ee018/go.mod h1:ni1ll4vPX/ckofk6OO22SrUB+Vgms2jSZSE5gRuN+UY=
github.com/crescolincs/lincs-theme v0.0.0-20240327141153-5d7b7578aafc h1:TiIiyIA9dyTlkf+4Mf4+NK+/HFBHMh9Kk0xpAm+6ck8=
github.com/crescolincs/lincs-theme v0.0.0-20240327141153-5d7b7578aafc/go.mod h1:ni1ll4vPX/ckofk6OO22SrUB+Vgms2jSZSE5gRuN+UY=
github.com/crescolincs/lincs-theme v0.0.0-20240327142530-8a8c2577991e h1:7Xjrs9B3gmtEBwDK/8prhowlrjpkWnu3nybiWenkFVM=
github.com/crescolincs/lincs-theme v0.0.0-20240327142530-8a8c2577991e/go.mod h1:ni1ll4vPX/ckofk6OO22SrUB+Vgms2jSZSE5gRuN+UY=
github.com/crescolincs/lincs-theme v0.0.0-20240327153851-003c56fc623c h1:oxY1baKODoNbDPULqKq5dk4qQ68Jp3QEzz5bjgmS9Gc=
github.com/crescolincs/lincs-theme v0.0.0-20240327153851-003c56fc623c/go.mod h1:ni1ll4vPX/ckofk6OO22SrUB+Vgms2jSZSE5gRuN+UY=
github.com/crescolincs/lincs-theme v0.0.0-20240327154158-ea803d4cf0f9 h1:vtxXlkgY5S8zBqWNKloepj/4p+MkN2oUYIH3dE1veBg=
github.com/crescolincs/lincs-theme v0.0.0-20240327154158-ea803d4cf0f9/go.mod h1:ni1ll4vPX/ckofk6OO22SrUB+Vgms2jSZSE5gRuN+UY=
github.com/crescolincs/lincs-theme v0.0.0-20240327154510-a2cb97d2528b h1:+6WT7T+KSdOcgjlv6S6Bc8Qo/uLQVuhnsgZZtcQYpRQ=
github.com/crescolincs/lincs-theme v0.0.0-20240327154510-a2cb97d2528b/go.mod h1:ni1ll4vPX/ckofk6OO22SrUB+Vgms2jSZSE5gRuN+UY=
github.com/crescolincs/lincs-theme v0.0.0-20240327155224-32776a7c46d3 h1:0bW8ehHZg8vSZBCjfoKh/RWAtMR1LMgIVySkdy7wWPQ=
github.com/crescolincs/lincs-theme v0.0.0-20240327155224-32776a7c46d3/go.mod h1:ni1ll4vPX/ckofk6OO22SrUB+Vgms2jSZSE5gRuN+UY=
github.com/crescolincs/lincs-theme v0.0.0-20240327155845-33663af81721 h1:VNyhQ5Vseq9CK3D2yukp7RNzS9k7og/CHyR2Ngr6mIQ=
github.com/crescolincs/lincs-theme v0.0.0-20240327155845-33663af81721/go.mod h1:ni1ll4vPX/ckofk6OO22SrUB+Vgms2jSZSE5gRuN+UY=
github.com/crescolincs/lincs-theme v0.0.0-20240327162452-6bbfeb9f5e1a h1:W/uhKu2D5gObEUP14nLZ0EH36AaBB944P8kFJKnJ+64=
github.com/crescolincs/lincs-theme v0.0.0-20240327162452-6bbfeb9f5e1a/go.mod h1:ni1ll4vPX/ckofk6OO22SrUB+Vgms2jSZSE5gRuN+UY=
github.com/crescolincs/lincs-theme v0.0.0-20240327162714-cc9d00af9880 h1:dv6Squy9XjejwswlYsa9aZgGontIzcsBTOgNt4avyPs=
github.com/crescolincs/lincs-theme v0.0.0-20240327162714-cc9d00af9880/go.mod h1:ni1ll4vPX/ckofk6OO22SrUB+Vgms2jSZSE5gRuN+UY=
github.com/crescolincs/lincs-theme v0.0.0-20240327163019-4cb0d057f6ee h1:+kcU4UZ9lntayeGkeMIMsG3iAZSvmruVnfxk2wR1xnM=
github.com/crescolincs/lincs-theme v0.0.0-20240327163019-4cb0d057f6ee/go.mod h1:ni1ll4vPX/ckofk6OO22SrUB+Vgms2jSZSE5gRuN+UY=
github.com/crescolincs/lincs-theme v0.0.0-20240327165520-fdd53ee07259 h1:nDeA3tvjvGIj8dGZICLU6xV16tWu9uDj5Li2ZeqSTjs=
github.com/crescolincs/lincs-theme v0.0.0-20240327165520-fdd53ee07259/go.mod h1:ni1ll4vPX/ckofk6OO22SrUB+Vgms2jSZSE5gRuN+UY=
github.com/crescolincs/lincs-theme v0.0.0-20240327165931-aa6c2bb2e450 h1:V55d0N4PkczmeAJkYfNh1K21rx3jYMMQEJpxK8FJiek=
github.com/crescolincs/lincs-theme v0.0.0-20240327165931-aa6c2bb2e450/go.mod h1:ni1ll4vPX/ckofk6OO22SrUB+Vgms2jSZSE5gRuN+UY=
github.com/crescolincs/lincs-theme v0.0.0-20240327170249-8ec9f5c37585 h1:CeFfk2ixtxbPyNg3ys6dCA3ApWoyMoJr7JVQewSyi8c=
github.com/crescolincs/lincs-theme v0.0.0-20240327170249-8ec9f5c37585/go.mod h1:ni1ll4vPX/ckofk6OO22SrUB+Vgms2jSZSE5gRuN+UY=
github.com/crescolincs/lincs-theme v0.0.0-20240327172356-d6d00bb8c50f h1:lzUn+tDu3lQRVbxNLzVNOZ7vXzAJZfBEUShPGJGJQJU=
github.com/crescolincs/lincs-theme v0.0.0-20240327172356-d6d00bb8c50f/go.mod h1:ni1ll4vPX/ckofk6OO22SrUB+Vgms2jSZSE5gRuN+UY=
github.com/crescolincs/lincs-theme v0.0.0-20240327172836-919a79fe4307 h1:G6kctkO6QBFD7Mxvx9U5NnPaK10DBZlOjNy66FQYUWk=
github.com/crescolincs/lincs-theme v0.0.0-20240327172836-919a79fe4307/go.mod h1:ni1ll4vPX/ckofk6OO22SrUB+Vgms2jSZSE5gRuN+UY=
github.com/crescolincs/lincs-theme v0.0.0-20240327175735-c0761c37a3ee h1:ozL43OJaUf9N103pyJChq6aZvhCG8IHXLoPWbJcEM/k=
github.com/crescolincs/lincs-theme v0.0.0-20240327175735-c0761c37a3ee/go.mod h1:ni1ll4vPX/ckofk6OO22SrUB+Vgms2jSZSE5gRuN+UY=
github.com/crescolincs/lincs-theme v0.0.0-20240327181038-6ded41343849 h1:nsj5mF7yNqIxQz+vQe+IvWpcw4THBz2IN7Huvq5EOvo=
github.com/crescolincs/lincs-theme v0.0.0-20240327181038-6ded41343849/go.mod h1:ni1ll4vPX/ckofk6OO22SrUB+Vgms2jSZSE5gRuN+UY=
github.com/crescolincs/lincs-theme v0.0.0-20240327181241-07d2202f8dfa h1:Ugs6EJt12Tbt5bqY7F4n4kjW2zTfKgbXHMRqjxqAk64=
github.com/crescolincs/lincs-theme v0.0.0-20240327181241-07d2202f8dfa/go.mod h1:ni1ll4vPX/ckofk6OO22SrUB+Vgms2jSZSE5gRuN+UY=
github.com/crescolincs/lincs-theme v0.0.0-20240327181951-c96c1d2bf2da h1:7xhzSfXwhJltOLLFlRmWh228TCEH85BFhjYe64d7qK0=
github.com/crescolincs/lincs-theme v0.0.0-20240327181951-c96c1d2bf2da/go.mod h1:ni1ll4vPX/ckofk6OO22SrUB+Vgms2jSZSE5gRuN+UY=
github.com/crescolincs/lincs-theme v0.0.0-20240327183311-b56e5739946f h1:jV3hpV3/Yl6EXRmN/9N1QBqump47lau3dwI5AnGwfBw=
github.com/crescolincs/lincs-theme v0.0.0-20240327183311-b56e5739946f/go.mod h1:ni1ll4vPX/ckofk6OO22SrUB+Vgms2jSZSE5gRuN+UY=
github.com/crescolincs/lincs-theme v0.0.0-20240327184230-6de1daa27f74 h1:hj2vebQiaWCpCaU6D/bEccDhM0/Bes0rlllUsanZwaA=
github.com/crescolincs/lincs-theme v0.0.0-20240327184230-6de1daa27f74/go.mod h1:ni1ll4vPX/ckofk6OO22SrUB+Vgms2jSZSE5gRuN+UY=
github.com/crescolincs/lincs-theme v0.0.0-20240327185104-03e7a1a1fd5d h1:WaB67grxD2YPcFAj0MBZxa0yimMNADBAXBqn2lCTUc4=
github.com/crescolincs/lincs-theme v0.0.0-20240327185104-03e7a1a1fd5d/go.mod h1:ni1ll4vPX/ckofk6OO22SrUB+Vgms2jSZSE5gRuN+UY=
github.com/crescolincs/lincs-theme v0.0.0-20240327191101-e6a5ff99d265 h1:Z9X6RJA2QsE7I+sRah/iQyQOTUlm95v+lMb4aH56jiM=
github.com/crescolincs/lincs-theme v0.0.0-20240327191101-e6a5ff99d265/go.mod h1:ni1ll4vPX/ckofk6OO22SrUB+Vgms2jSZSE5gRuN+UY=
github.com/crescolincs/lincs-theme v0.0.0-20240327192933-13a15f71b618 h1:WPnzzOriG4tOqfaVmBrNDUrue4IUrwinPhR6kKQN/lc=
github.com/crescolincs/lincs-theme v0.0.0-20240327192933-13a15f71b618/go.mod h1:ni1ll4vPX/ckofk6OO22SrUB+Vgms2jSZSE5gRuN+UY=
github.com/crescolincs/lincs-theme v0.0.0-20240327193327-0193676e40e0 h1:26xzvHbkU0ZbK13XbqLrDH3xjIup2IGbUKp2okOTOzE=
github.com/crescolincs/lincs-theme v0.0.0-20240327193327-0193676e40e0/go.mod h1:ni1ll4vPX/ckofk6OO22SrUB+Vgms2jSZSE5gRuN+UY=
github.com/crescolincs/lincs-theme v0.0.0-20240327213039-599585c13a7a h1:nybuZGHi/ICOTCbgA7yGjJlPDTBl6T4e8ljKhT3asgk=
github.com/crescolincs/lincs-theme v0.0.0-20240327213039-599585c13a7a/go.mod h1:ni1ll4vPX/ckofk6OO22SrUB+Vgms2jSZSE5gRuN+UY=
github.com/crescolincs/lincs-theme v0.0.0-20240327213808-9998503c6e62 h1:pHv5vcGuJxEFcUe9BVIS0Qah2TktIp80y8abcDCUIwM=
github.com/crescolincs/lincs-theme v0.0.0-20240327213808-9998503c6e62/go.mod h1:ni1ll4vPX/ckofk6OO22SrUB+Vgms2jSZSE5gRuN+UY=
github.com/crescolincs/lincs-theme v0.0.0-20240327214144-8450e20107bc h1:ZOvl/G4rqqgG/9k3zoZ4SuBQGsoAGhC+2fRj36mo878=
github.com/crescolincs/lincs-theme v0.0.0-20240327214144-8450e20107bc/go.mod h1:ni1ll4vPX/ckofk6OO22SrUB+Vgms2jSZSE5gRuN+UY=
github.com/crescolincs/lincs-theme v0.0.0-20240327223634-0100863f713d h1:gkHNwL4LJZAElkFzQqG1ekDbX27afUerhmzejk5U0c8=
github.com/crescolincs/lincs-theme v0.0.0-20240327223634-0100863f713d/go.mod h1:ni1ll4vPX/ckofk6OO22SrUB+Vgms2jSZSE5gRuN+UY=
github.com/crescolincs/lincs-theme v0.0.0-20240328101758-c814c1f38abf h1:dwB5kTotG4sMyzI67mFDeFgs+qOyT8mBnt6H+6ulN8Q=
github.com/crescolincs/lincs-theme v0.0.0-20240328101758-c814c1f38abf/go.mod h1:ni1ll4vPX/ckofk6OO22SrUB+Vgms2jSZSE5gRuN+UY=
github.com/crescolincs/lincs-theme v0.0.0-20240328103906-f8a659ca0e85 h1:96cdlH/sWJUrVlNUwLivC/P9k+C4E55A7NhtZvB2vmQ=
github.com/crescolincs/lincs-theme v0.0.0-20240328103906-f8a659ca0e85/go.mod h1:ni1ll4vPX/ckofk6OO22SrUB+Vgms2jSZSE5gRuN+UY=
github.com/crescolincs/lincs-theme v0.0.0-20240328104609-a74259044a6d h1:jn5bkN1FwDI0D9XgdvRCkr1V+NBH5dOwwMXMPmvOfaY=
github.com/crescolincs/lincs-theme v0.0.0-20240328104609-a74259044a6d/go.mod h1:ni1ll4vPX/ckofk6OO22SrUB+Vgms2jSZSE5gRuN+UY=
github.com/crescolincs/lincs-theme v0.0.0-20240328112405-7f82fe185d0a h1:5wc3iGZU807QVfr4XXF7YcB0NjiIr693GnJwlMKQJBs=
github.com/crescolincs/lincs-theme v0.0.0-20240328112405-7f82fe185d0a/go.mod h1:ni1ll4vPX/ckofk6OO22SrUB+Vgms2jSZSE5gRuN+UY=
github.com/crescolincs/lincs-theme v0.0.0-20240328113527-7b8b2f7e3aa7 h1:UwlRfJf/KaEWem89dXftQba/TmfBOJuEYEzp0lGtYto=
github.com/crescolincs/lincs-theme v0.0.0-20240328113527-7b8b2f7e3aa7/go.mod h1:ni1ll4vPX/ckofk6OO22SrUB+Vgms2jSZSE5gRuN+UY=
github.com/crescolincs/lincs-theme v0.0.0-20240328114842-4f6b70f77e79 h1:Nm5Sh6wEY3Haup3Lmyt9HcP4jpi/ywPO+SGlPY8dIls=
github.com/crescolincs/lincs-theme v0.0.0-20240328114842-4f6b70f77e79/go.mod h1:ni1ll4vPX/ckofk6OO22SrUB+Vgms2jSZSE5gRuN+UY=
github.com/crescolincs/lincs-theme v0.0.0-20240328120811-9d7e990788b6 h1:k2OXBXgI+bYNi0CopMe/zWchidw+hnN2lQ0sJlAMaV8=
github.com/crescolincs/lincs-theme v0.0.0-20240328120811-9d7e990788b6/go.mod h1:ni1ll4vPX/ckofk6OO22SrUB+Vgms2jSZSE5gRuN+UY=
github.com/crescolincs/lincs-theme v0.0.0-20240328121307-849255451758 h1:hLE9p5F4qU15nXsXUTNhWTlG38M9nTsNAxQQy/G+N/w=
github.com/crescolincs/lincs-theme v0.0.0-20240328121307-849255451758/go.mod h1:ni1ll4vPX/ckofk6OO22SrUB+Vgms2jSZSE5gRuN+UY=
github.com/crescolincs/lincs-theme v0.0.0-20240328122842-ed5ad3d77e39 h1:h/9oibqi3piq9ZSzek6JOe6OCocW5kruqc8sdh+jd5k=
github.com/crescolincs/lincs-theme v0.0.0-20240328122842-ed5ad3d77e39/go.mod h1:ni1ll4vPX/ckofk6OO22SrUB+Vgms2jSZSE5gRuN+UY=
github.com/crescolincs/lincs-theme v0.0.0-20240328141100-2b6afdea0dcb h1:SuZIaIukL0HbMy67huxZwQKjtzRzjCoEdBSXcE7NkV4=
github.com/crescolincs/lincs-theme v0.0.0-20240328141100-2b6afdea0dcb/go.mod h1:ni1ll4vPX/ckofk6OO22SrUB+Vgms2jSZSE5gRuN+UY=
github.com/crescolincs/lincs-theme v0.0.0-20240328141457-f56f2b96dda4 h1:BOgXuDMh6rvp4aQDJEawQPYXmulgjVrn1rXnjZQXc6Y=
github.com/crescolincs/lincs-theme v0.0.0-20240328141457-f56f2b96dda4/go.mod h1:ni1ll4vPX/ckofk6OO22SrUB+Vgms2jSZSE5gRuN+UY=
github.com/crescolincs/lincs-theme v0.0.0-20240328141809-43b11346efe6 h1:5YiQgInLxrKwcmADA1+8LjM+lxBM72h3Rt1Sr033qZk=
github.com/crescolincs/lincs-theme v0.0.0-20240328141809-43b11346efe6/go.mod h1:ni1ll4vPX/ckofk6OO22SrUB+Vgms2jSZSE5gRuN+UY=
github.com/crescolincs/lincs-theme v0.0.0-20240328142305-fa0c8348dacd h1:kJdxIosrpVZ0vGcXw3ob9qX698NGmE8eEZKOVg6Hd80=
github.com/crescolincs/lincs-theme v0.0.0-20240328142305-fa0c8348dacd/go.mod h1:ni1ll4vPX/ckofk6OO22SrUB+Vgms2jSZSE5gRuN+UY=
github.com/crescolincs/lincs-theme v0.0.0-20240328142908-38d7fcc36086 h1:QQy3Spm8/ThEroAnYobHslWiQV7KSz7ONrD4S9GMBRc=
github.com/crescolincs/lincs-theme v0.0.0-20240328142908-38d7fcc36086/go.mod h1:ni1ll4vPX/ckofk6OO22SrUB+Vgms2jSZSE5gRuN+UY=
github.com/crescolincs/lincs-theme v0.0.0-20240328154834-b821945f41b9 h1:471f3cHjESMZvlYXuhpJYZ2b0YtGpOdrVc6BG/Kbrvk=
github.com/crescolincs/lincs-theme v0.0.0-20240328154834-b821945f41b9/go.mod h1:ni1ll4vPX/ckofk6OO22SrUB+Vgms2jSZSE5gRuN+UY=
github.com/crescolincs/lincs-theme v0.0.0-20240328160246-e965808c7f4c h1:t7nhSNBB1zweM+OT/Iuipal7YrgTsV7aZK2ETIoFB7c=
github.com/crescolincs/lincs-theme v0.0.0-20240328160246-e965808c7f4c/go.mod h1:ni1ll4vPX/ckofk6OO22SrUB+Vgms2jSZSE5gRuN+UY=
github.com/crescolincs/lincs-theme v0.0.0-20240328180602-b7b9a77eeaaa h1:fVzjjJC2mn9zA7LPbWx7RoyFHyjbKBnRruxqK+rnYvc=
github.com/crescolincs/lincs-theme v0.0.0-20240328180602-b7b9a77eeaaa/go.mod h1:ni1ll4vPX/ckofk6OO22SrUB+Vgms2jSZSE5gRuN+UY=
github.com/crescolincs/lincs-theme v0.0.0-20240328184213-242006b4c039 h1:1jU32gAelVNfiYUR+JS3uPvRMJeDcUUxejRxaJfqPRk=
github.com/crescolincs/lincs-theme v0.0.0-20240328184213-242006b4c039/go.mod h1:ni1ll4vPX/ckofk6OO22SrUB+Vgms2jSZSE5gRuN+UY=
github.com/crescolincs/lincs-theme v0.0.0-20240328184500-446018cefd7b h1:gtFoA6cwdo9K2YitTVyW1duxJGmi3JCusdOCQHMTIag=
github.com/crescolincs/lincs-theme v0.0.0-20240328184500-446018cefd7b/go.mod h1:ni1ll4vPX/ckofk6OO22SrUB+Vgms2jSZSE5gRuN+UY=
github.com/crescolincs/lincs-theme v0.0.0-20240328184854-1d754cf6ee81 h1:H4wOCsC45P34TfJV6ndlIEQNQbSdRa+KY8mXItjKuvc=
github.com/crescolincs/lincs-theme v0.0.0-20240328184854-1d754cf6ee81/go.mod h1:ni1ll4vPX/ckofk6OO22SrUB+Vgms2jSZSE5gRuN+UY=
github.com/crescolincs/lincs-theme v0.0.0-20240328191834-a223142f45e4 h1:JE82lzxzipkYwWVu+i46DfHknLYO/ToXvpvnUvpBfMw=
github.com/crescolincs/lincs-theme v0.0.0-20240328191834-a223142f45e4/go.mod h1:ni1ll4vPX/ckofk6OO22SrUB+Vgms2jSZSE5gRuN+UY=
